
Microsoft Visual Studio Solution File, Format Version 12.00
# Visual Studio Version 16
VisualStudioVersion = 16.0.30204.135
MinimumVisualStudioVersion = 10.0.40219.1
Project("{F2A71F9B-5D33-465A-A702-920D77279786}") = "ControllerProxy", "ControllerProxy\ControllerProxy.fsproj", "{EA100FDB-F85A-45F0-AE72-7A44E2AFA468}"
EndProject
Global
	GlobalSection(SolutionConfigurationPlatforms) = preSolution
		Debug|Any CPU = Debug|Any CPU
		Release|Any CPU = Release|Any CPU
	EndGlobalSection
	GlobalSection(ProjectConfigurationPlatforms) = postSolution
		{EA100FDB-F85A-45F0-AE72-7A44E2AFA468}.Debug|Any CPU.ActiveCfg = Debug|Any CPU
		{EA100FDB-F85A-45F0-AE72-7A44E2AFA468}.Debug|Any CPU.Build.0 = Debug|Any CPU
		{EA100FDB-F85A-45F0-AE72-7A44E2AFA468}.Release|Any CPU.ActiveCfg = Release|Any CPU
		{EA100FDB-F85A-45F0-AE72-7A44E2AFA468}.Release|Any CPU.Build.0 = Release|Any CPU
	EndGlobalSection
	GlobalSection(SolutionProperties) = preSolution
		HideSolutionNode = FALSE
	EndGlobalSection
	GlobalSection(ExtensibilityGlobals) = postSolution
		SolutionGuid = {E5A02D6B-D477-48F9-882D-CB7B04042DF5}
	EndGlobalSection
EndGlobal
